
Microsoft Visual Studio Solution File, Format Version 12.00
# Visual Studio 2013
VisualStudioVersion = 12.0.31101.0
MinimumVisualStudioVersion = 10.0.40219.1
Project("{FAE04EC0-301F-11D3-BF4B-00C04F79EFBC}") = "loginHandler", "loginHandler\loginHandler.csproj", "{C2469000-2DF3-4A02-9D03-8531447D9FB3}"
EndProject
Project("{FAE04EC0-301F-11D3-BF4B-00C04F79EFBC}") = "RSAInterface", "RSAInterface\RSAInterface.csproj", "{90E5D244-0403-4E75-899C-6D6E486BAFFA}"
EndProject
Project("{FAE04EC0-301F-11D3-BF4B-00C04F79EFBC}") = "dbInterface", "dbInterface\dbInterface.csproj", "{470A6FAD-E18E-483B-BDD3-59600732F2FE}"
EndProject
Project("{FAE04EC0-301F-11D3-BF4B-00C04F79EFBC}") = "_debugHandler", "_debugHandler\_debugHandler.csproj", "{426CDF97-A7E5-45B8-B2BA-2ADD8B26D09B}"
EndProject
Project("{FAE04EC0-301F-11D3-BF4B-00C04F79EFBC}") = "mainLobby", "mainLobby\mainLobby.csproj", "{CBAF153A-ADA1-406A-AA32-CB6352850F74}"
EndProject
Project("{FAE04EC0-301F-11D3-BF4B-00C04F79EFBC}") = "dataHandler", "dataHandler\dataHandler.csproj", "{0AB5D1CC-0021-48C5-AD68-4194CF30DD05}"
EndProject
Global
	GlobalSection(SolutionConfigurationPlatforms) = preSolution
		Debug|Any CPU = Debug|Any CPU
		Release|Any CPU = Release|Any CPU
	EndGlobalSection
	GlobalSection(ProjectConfigurationPlatforms) = postSolution
		{C2469000-2DF3-4A02-9D03-8531447D9FB3}.Debug|Any CPU.ActiveCfg = Debug|Any CPU
		{C2469000-2DF3-4A02-9D03-8531447D9FB3}.Debug|Any CPU.Build.0 = Debug|Any CPU
		{C2469000-2DF3-4A02-9D03-8531447D9FB3}.Release|Any CPU.ActiveCfg = Release|Any CPU
		{C2469000-2DF3-4A02-9D03-8531447D9FB3}.Release|Any CPU.Build.0 = Release|Any CPU
		{90E5D244-0403-4E75-899C-6D6E486BAFFA}.Debug|Any CPU.ActiveCfg = Debug|Any CPU
		{90E5D244-0403-4E75-899C-6D6E486BAFFA}.Debug|Any CPU.Build.0 = Debug|Any CPU
		{90E5D244-0403-4E75-899C-6D6E486BAFFA}.Release|Any CPU.ActiveCfg = Release|Any CPU
		{90E5D244-0403-4E75-899C-6D6E486BAFFA}.Release|Any CPU.Build.0 = Release|Any CPU
		{470A6FAD-E18E-483B-BDD3-59600732F2FE}.Debug|Any CPU.ActiveCfg = Debug|Any CPU
		{470A6FAD-E18E-483B-BDD3-59600732F2FE}.Debug|Any CPU.Build.0 = Debug|Any CPU
		{470A6FAD-E18E-483B-BDD3-59600732F2FE}.Release|Any CPU.ActiveCfg = Release|Any CPU
		{470A6FAD-E18E-483B-BDD3-59600732F2FE}.Release|Any CPU.Build.0 = Release|Any CPU
		{426CDF97-A7E5-45B8-B2BA-2ADD8B26D09B}.Debug|Any CPU.ActiveCfg = Debug|Any CPU
		{426CDF97-A7E5-45B8-B2BA-2ADD8B26D09B}.Debug|Any CPU.Build.0 = Debug|Any CPU
		{426CDF97-A7E5-45B8-B2BA-2ADD8B26D09B}.Release|Any CPU.ActiveCfg = Release|Any CPU
		{426CDF97-A7E5-45B8-B2BA-2ADD8B26D09B}.Release|Any CPU.Build.0 = Release|Any CPU
		{CBAF153A-ADA1-406A-AA32-CB6352850F74}.Debug|Any CPU.ActiveCfg = Debug|Any CPU
		{CBAF153A-ADA1-406A-AA32-CB6352850F74}.Debug|Any CPU.Build.0 = Debug|Any CPU
		{CBAF153A-ADA1-406A-AA32-CB6352850F74}.Release|Any CPU.ActiveCfg = Release|Any CPU
		{CBAF153A-ADA1-406A-AA32-CB6352850F74}.Release|Any CPU.Build.0 = Release|Any CPU
		{0AB5D1CC-0021-48C5-AD68-4194CF30DD05}.Debug|Any CPU.ActiveCfg = Debug|Any CPU
		{0AB5D1CC-0021-48C5-AD68-4194CF30DD05}.Debug|Any CPU.Build.0 = Debug|Any CPU
		{0AB5D1CC-0021-48C5-AD68-4194CF30DD05}.Release|Any CPU.ActiveCfg = Release|Any CPU
		{0AB5D1CC-0021-48C5-AD68-4194CF30DD05}.Release|Any CPU.Build.0 = Release|Any CPU
	EndGlobalSection
	GlobalSection(SolutionProperties) = preSolution
		HideSolutionNode = FALSE
	EndGlobalSection
EndGlobal
